
Microsoft Visual Studio Solution File, Format Version 12.00
# Visual Studio Version 17
VisualStudioVersion = 17.6.33829.357
MinimumVisualStudioVersion = 10.0.40219.1
Project("{FAE04EC0-301F-11D3-BF4B-00C04F79EFBC}") = "OnlineStore", "OnlineStore\OnlineStore.csproj", "{1F8CE69E-57F4-411C-9883-045E2D22FE46}"
EndProject
Global
	GlobalSection(SolutionConfigurationPlatforms) = preSolution
		Debug|Any CPU = Debug|Any CPU
		Release|Any CPU = Release|Any CPU
	EndGlobalSection
	GlobalSection(ProjectConfigurationPlatforms) = postSolution
		{1F8CE69E-57F4-411C-9883-045E2D22FE46}.Debug|Any CPU.ActiveCfg = Debug|Any CPU
		{1F8CE69E-57F4-411C-9883-045E2D22FE46}.Debug|Any CPU.Build.0 = Debug|Any CPU
		{1F8CE69E-57F4-411C-9883-045E2D22FE46}.Release|Any CPU.ActiveCfg = Release|Any CPU
		{1F8CE69E-57F4-411C-9883-045E2D22FE46}.Release|Any CPU.Build.0 = Release|Any CPU
	EndGlobalSection
	GlobalSection(SolutionProperties) = preSolution
		HideSolutionNode = FALSE
	EndGlobalSection
	GlobalSection(ExtensibilityGlobals) = postSolution
		SolutionGuid = {515BC88E-6A52-48AB-807B-95D2491CF8EB}
	EndGlobalSection
EndGlobal
